
Microsoft Visual Studio Solution File, Format Version 12.00
# Visual Studio 15
VisualStudioVersion = 15.0.28307.1082
MinimumVisualStudioVersion = 10.0.40219.1
Project("{F14B399A-7131-4C87-9E4B-1186C45EF12D}") = "SpotifyReport", "SpotifyReport\SpotifyReport.rptproj", "{94E3D398-EA97-44A8-A92C-44D683B34731}"
EndProject
Global
	GlobalSection(SolutionConfigurationPlatforms) = preSolution
		Debug|Default = Debug|Default
		DebugLocal|Default = DebugLocal|Default
		Release|Default = Release|Default
	EndGlobalSection
	GlobalSection(ProjectConfigurationPlatforms) = postSolution
		{94E3D398-EA97-44A8-A92C-44D683B34731}.Debug|Default.ActiveCfg = Debug
		{94E3D398-EA97-44A8-A92C-44D683B34731}.Debug|Default.Build.0 = Debug
		{94E3D398-EA97-44A8-A92C-44D683B34731}.Debug|Default.Deploy.0 = Debug
		{94E3D398-EA97-44A8-A92C-44D683B34731}.DebugLocal|Default.ActiveCfg = DebugLocal
		{94E3D398-EA97-44A8-A92C-44D683B34731}.DebugLocal|Default.Build.0 = DebugLocal
		{94E3D398-EA97-44A8-A92C-44D683B34731}.Release|Default.ActiveCfg = Release
		{94E3D398-EA97-44A8-A92C-44D683B34731}.Release|Default.Build.0 = Release
		{94E3D398-EA97-44A8-A92C-44D683B34731}.Release|Default.Deploy.0 = Release
	EndGlobalSection
	GlobalSection(SolutionProperties) = preSolution
		HideSolutionNode = FALSE
	EndGlobalSection
	GlobalSection(ExtensibilityGlobals) = postSolution
		SolutionGuid = {16194650-BF0A-4BC3-A218-A7539655583F}
	EndGlobalSection
EndGlobal
